
Microsoft Visual Studio Solution File, Format Version 12.00
# Visual Studio Version 17
VisualStudioVersion = 17.9.34622.214
MinimumVisualStudioVersion = 10.0.40219.1
Project("{FAE04EC0-301F-11D3-BF4B-00C04F79EFBC}") = "Classification", "Classification.csproj", "{22235603-F2DD-4546-AC94-7B5DCCC45EDC}"
EndProject
Project("{54435603-DBB4-11D2-8724-00A0C9A8B90C}") = "classification_setup", "..\classification_setup\classification_setup.vdproj", "{FD613229-1F82-4CA7-820F-C5632277D67C}"
EndProject
Global
	GlobalSection(SolutionConfigurationPlatforms) = preSolution
		Debug|Any CPU = Debug|Any CPU
		Release|Any CPU = Release|Any CPU
	EndGlobalSection
	GlobalSection(ProjectConfigurationPlatforms) = postSolution
		{22235603-F2DD-4546-AC94-7B5DCCC45EDC}.Debug|Any CPU.ActiveCfg = Debug|Any CPU
		{22235603-F2DD-4546-AC94-7B5DCCC45EDC}.Debug|Any CPU.Build.0 = Debug|Any CPU
		{22235603-F2DD-4546-AC94-7B5DCCC45EDC}.Release|Any CPU.ActiveCfg = Release|Any CPU
		{22235603-F2DD-4546-AC94-7B5DCCC45EDC}.Release|Any CPU.Build.0 = Release|Any CPU
		{FD613229-1F82-4CA7-820F-C5632277D67C}.Debug|Any CPU.ActiveCfg = Debug
		{FD613229-1F82-4CA7-820F-C5632277D67C}.Release|Any CPU.ActiveCfg = Release
	EndGlobalSection
	GlobalSection(SolutionProperties) = preSolution
		HideSolutionNode = FALSE
	EndGlobalSection
	GlobalSection(ExtensibilityGlobals) = postSolution
		SolutionGuid = {1A5AC753-4BA8-465C-8C5A-F12ACFEE4051}
	EndGlobalSection
EndGlobal
